
Microsoft Visual Studio Solution File, Format Version 12.00
# Visual Studio Version 16
VisualStudioVersion = 16.0.31613.86
MinimumVisualStudioVersion = 10.0.40219.1
Project("{9A19103F-16F7-4668-BE54-9A1E7A4F7556}") = "PetShopForms", "PetShopForms\PetShopForms.csproj", "{26530DE3-DE16-4FB2-989A-12E0C8FA8FD2}"
EndProject
Project("{9A19103F-16F7-4668-BE54-9A1E7A4F7556}") = "Entidades", "Entidades\Entidades.csproj", "{C6A7AC62-AEE8-4BDC-8272-467598D6870C}"
EndProject
Global
	GlobalSection(SolutionConfigurationPlatforms) = preSolution
		Debug|Any CPU = Debug|Any CPU
		Release|Any CPU = Release|Any CPU
	EndGlobalSection
	GlobalSection(ProjectConfigurationPlatforms) = postSolution
		{26530DE3-DE16-4FB2-989A-12E0C8FA8FD2}.Debug|Any CPU.ActiveCfg = Debug|Any CPU
		{26530DE3-DE16-4FB2-989A-12E0C8FA8FD2}.Debug|Any CPU.Build.0 = Debug|Any CPU
		{26530DE3-DE16-4FB2-989A-12E0C8FA8FD2}.Release|Any CPU.ActiveCfg = Release|Any CPU
		{26530DE3-DE16-4FB2-989A-12E0C8FA8FD2}.Release|Any CPU.Build.0 = Release|Any CPU
		{C6A7AC62-AEE8-4BDC-8272-467598D6870C}.Debug|Any CPU.ActiveCfg = Debug|Any CPU
		{C6A7AC62-AEE8-4BDC-8272-467598D6870C}.Debug|Any CPU.Build.0 = Debug|Any CPU
		{C6A7AC62-AEE8-4BDC-8272-467598D6870C}.Release|Any CPU.ActiveCfg = Release|Any CPU
		{C6A7AC62-AEE8-4BDC-8272-467598D6870C}.Release|Any CPU.Build.0 = Release|Any CPU
	EndGlobalSection
	GlobalSection(SolutionProperties) = preSolution
		HideSolutionNode = FALSE
	EndGlobalSection
	GlobalSection(ExtensibilityGlobals) = postSolution
		SolutionGuid = {E67F9AC6-8014-4E73-88BB-2DB597638622}
	EndGlobalSection
EndGlobal
